{
  "name": "E_2205",
  "lockfileVersion": 2,
  "requires": true,
  "packages": {
    "": {
      "dependencies": {
        "twitter-api-v2": "^1.12.8"
      }
    },
    "node_modules/twitter-api-v2": {
      "version": "1.12.8",
      "resolved": "https://registry.npmjs.org/twitter-api-v2/-/twitter-api-v2-1.12.8.tgz",
      "integrity": "sha512-2gRb1WEjuWWLPm2Sj90BH6VKx6rBXXPERP2v5fmhSwN8kvIRghCvKXwVF0NQz/qZA9k/VSqtygAe+YFlrr36RQ=="
    }
  },
  "dependencies": {
    "twitter-api-v2": {
      "version": "1.12.8",
      "resolved": "https://registry.npmjs.org/twitter-api-v2/-/twitter-api-v2-1.12.8.tgz",
      "integrity": "sha512-2gRb1WEjuWWLPm2Sj90BH6VKx6rBXXPERP2v5fmhSwN8kvIRghCvKXwVF0NQz/qZA9k/VSqtygAe+YFlrr36RQ=="
    }
  }
}
